
Microsoft Visual Studio Solution File, Format Version 12.00
# Visual Studio 14
VisualStudioVersion = 14.0.25420.1
MinimumVisualStudioVersion = 10.0.40219.1
Project("{FAE04EC0-301F-11D3-BF4B-00C04F79EFBC}") = "Lykke.BlockchainExplorer.BitcoinBridge", "Lykke.BlockchainExplorer.BitcoinBridge\Lykke.BlockchainExplorer.BitcoinBridge.csproj", "{091DFB79-EC6C-411E-97F0-888C970104FC}"
EndProject
Project("{FAE04EC0-301F-11D3-BF4B-00C04F79EFBC}") = "Lykke.BlockchainExplorer.BlockchainDataProvider.MetadataProvider", "Lykke.BlockchainExplorer.BlockchainDataProvider.MetadataProvider\Lykke.BlockchainExplorer.BlockchainDataProvider.MetadataProvider.csproj", "{FCDB3FAC-36D5-41C0-9A35-A978444C21BE}"
EndProject
Project("{FAE04EC0-301F-11D3-BF4B-00C04F79EFBC}") = "Lykke.BlockchainExplorer.BlockchainDataProvider.NBitcoinIndexer", "Lykke.BlockchainExplorer.BlockchainDataProvider.NBitcoinIndexer\Lykke.BlockchainExplorer.BlockchainDataProvider.NBitcoinIndexer.csproj", "{AFDB7418-2F60-4619-B0D4-E08163DA5FC1}"
EndProject
Project("{FAE04EC0-301F-11D3-BF4B-00C04F79EFBC}") = "Lykke.BlockchainExplorer.UI", "Lykke.BlockchainExplorer.UI\Lykke.BlockchainExplorer.UI.csproj", "{5148F8CD-71E7-456E-8BE0-C86251BEB66B}"
EndProject
Project("{FAE04EC0-301F-11D3-BF4B-00C04F79EFBC}") = "NBitcoin.Indexer", "NBitcoin.Indexer\NBitcoin.Indexer.csproj", "{01FE1FD2-F173-4E31-9FCE-48C42AF7014F}"
EndProject
Project("{FAE04EC0-301F-11D3-BF4B-00C04F79EFBC}") = "Lykke.BlockchainExplorer.BlockchainDataProvider", "Lykke.BlockchainExplorer.BlockchainDataProvider\Lykke.BlockchainExplorer.BlockchainDataProvider.csproj", "{47CABA51-E770-44E9-AB1C-FAF5A3AECED3}"
EndProject
Project("{FAE04EC0-301F-11D3-BF4B-00C04F79EFBC}") = "Lykke.BlockchainExplorer.BlockchainDataProvider.BitcoinNinja", "Lykke.BlockchainExplorer.BlockchainDataProvider.BitcoinNinja\Lykke.BlockchainExplorer.BlockchainDataProvider.BitcoinNinja.csproj", "{9EA281E3-DEE3-436B-9151-07F6E1EB58DB}"
EndProject
Project("{FAE04EC0-301F-11D3-BF4B-00C04F79EFBC}") = "Lykke.BlockchainExplorer.BlockchainDataProvider.BitcoinRpc", "Lykke.BlockchainExplorer.BlockchainDataProvider.BitcoinRpc\Lykke.BlockchainExplorer.BlockchainDataProvider.BitcoinRpc.csproj", "{C1143B6D-AD37-4219-BAE5-914250A96C26}"
EndProject
Project("{FAE04EC0-301F-11D3-BF4B-00C04F79EFBC}") = "Lykke.BlockchainExplorer.BlockchainDataProvider.Coinprism", "Lykke.BlockChainExplorer.BlockchainDataProvider.Coinprism\Lykke.BlockchainExplorer.BlockchainDataProvider.Coinprism.csproj", "{001D9CBA-42FD-4ABD-9970-9E067DD5F8B1}"
EndProject
Project("{FAE04EC0-301F-11D3-BF4B-00C04F79EFBC}") = "Lykke.BlockchainExplorer.Core", "Lykke.BlockchainExplorer.Core\Lykke.BlockchainExplorer.Core.csproj", "{3DEDDF9C-1943-41A6-AA24-74F026457BEB}"
EndProject
Project("{FAE04EC0-301F-11D3-BF4B-00C04F79EFBC}") = "Lykke.BlockchainExplorer.Repository", "Lykke.BlockchainExplorer.Repository\Lykke.BlockchainExplorer.Repository.csproj", "{09D4BCC9-E2EA-40F7-98D3-AE57C72E649E}"
EndProject
Project("{FAE04EC0-301F-11D3-BF4B-00C04F79EFBC}") = "Lykke.BlockchainExplorer.ServiceLocator", "Lykke.BlockchainExplorer.ServiceLocator\Lykke.BlockchainExplorer.ServiceLocator.csproj", "{1B824FA6-D25F-4C00-9094-ED8BD0FFB894}"
EndProject
Project("{FAE04EC0-301F-11D3-BF4B-00C04F79EFBC}") = "Lykke.BlockchainExplorer.Services", "Lykke.BlockchainExplorer.Services\Lykke.BlockchainExplorer.Services.csproj", "{64914A31-60F7-4797-9DEC-0BB189FFCC72}"
EndProject
Project("{FAE04EC0-301F-11D3-BF4B-00C04F79EFBC}") = "Lykke.BlockchainExplorer.Settings", "Lykke.BlockchainExplorer.Settings\Lykke.BlockchainExplorer.Settings.csproj", "{C1629C1A-877B-4EA3-B392-92C6AB4E6FFD}"
EndProject
Global
	GlobalSection(SolutionConfigurationPlatforms) = preSolution
		Debug|Any CPU = Debug|Any CPU
		Release|Any CPU = Release|Any CPU
	EndGlobalSection
	GlobalSection(ProjectConfigurationPlatforms) = postSolution
		{091DFB79-EC6C-411E-97F0-888C970104FC}.Debug|Any CPU.ActiveCfg = Debug|Any CPU
		{091DFB79-EC6C-411E-97F0-888C970104FC}.Debug|Any CPU.Build.0 = Debug|Any CPU
		{091DFB79-EC6C-411E-97F0-888C970104FC}.Release|Any CPU.ActiveCfg = Release|Any CPU
		{091DFB79-EC6C-411E-97F0-888C970104FC}.Release|Any CPU.Build.0 = Release|Any CPU
		{FCDB3FAC-36D5-41C0-9A35-A978444C21BE}.Debug|Any CPU.ActiveCfg = Debug|Any CPU
		{FCDB3FAC-36D5-41C0-9A35-A978444C21BE}.Debug|Any CPU.Build.0 = Debug|Any CPU
		{FCDB3FAC-36D5-41C0-9A35-A978444C21BE}.Release|Any CPU.ActiveCfg = Release|Any CPU
		{FCDB3FAC-36D5-41C0-9A35-A978444C21BE}.Release|Any CPU.Build.0 = Release|Any CPU
		{AFDB7418-2F60-4619-B0D4-E08163DA5FC1}.Debug|Any CPU.ActiveCfg = Debug|Any CPU
		{AFDB7418-2F60-4619-B0D4-E08163DA5FC1}.Debug|Any CPU.Build.0 = Debug|Any CPU
		{AFDB7418-2F60-4619-B0D4-E08163DA5FC1}.Release|Any CPU.ActiveCfg = Release|Any CPU
		{AFDB7418-2F60-4619-B0D4-E08163DA5FC1}.Release|Any CPU.Build.0 = Release|Any CPU
		{5148F8CD-71E7-456E-8BE0-C86251BEB66B}.Debug|Any CPU.ActiveCfg = Debug|Any CPU
		{5148F8CD-71E7-456E-8BE0-C86251BEB66B}.Debug|Any CPU.Build.0 = Debug|Any CPU
		{5148F8CD-71E7-456E-8BE0-C86251BEB66B}.Release|Any CPU.ActiveCfg = Release|Any CPU
		{5148F8CD-71E7-456E-8BE0-C86251BEB66B}.Release|Any CPU.Build.0 = Release|Any CPU
		{01FE1FD2-F173-4E31-9FCE-48C42AF7014F}.Debug|Any CPU.ActiveCfg = Debug|Any CPU
		{01FE1FD2-F173-4E31-9FCE-48C42AF7014F}.Debug|Any CPU.Build.0 = Debug|Any CPU
		{01FE1FD2-F173-4E31-9FCE-48C42AF7014F}.Release|Any CPU.ActiveCfg = Release|Any CPU
		{01FE1FD2-F173-4E31-9FCE-48C42AF7014F}.Release|Any CPU.Build.0 = Release|Any CPU
		{47CABA51-E770-44E9-AB1C-FAF5A3AECED3}.Debug|Any CPU.ActiveCfg = Debug|Any CPU
		{47CABA51-E770-44E9-AB1C-FAF5A3AECED3}.Debug|Any CPU.Build.0 = Debug|Any CPU
		{47CABA51-E770-44E9-AB1C-FAF5A3AECED3}.Release|Any CPU.ActiveCfg = Release|Any CPU
		{47CABA51-E770-44E9-AB1C-FAF5A3AECED3}.Release|Any CPU.Build.0 = Release|Any CPU
		{9EA281E3-DEE3-436B-9151-07F6E1EB58DB}.Debug|Any CPU.ActiveCfg = Debug|Any CPU
		{9EA281E3-DEE3-436B-9151-07F6E1EB58DB}.Debug|Any CPU.Build.0 = Debug|Any CPU
		{9EA281E3-DEE3-436B-9151-07F6E1EB58DB}.Release|Any CPU.ActiveCfg = Release|Any CPU
		{9EA281E3-DEE3-436B-9151-07F6E1EB58DB}.Release|Any CPU.Build.0 = Release|Any CPU
		{C1143B6D-AD37-4219-BAE5-914250A96C26}.Debug|Any CPU.ActiveCfg = Debug|Any CPU
		{C1143B6D-AD37-4219-BAE5-914250A96C26}.Debug|Any CPU.Build.0 = Debug|Any CPU
		{C1143B6D-AD37-4219-BAE5-914250A96C26}.Release|Any CPU.ActiveCfg = Release|Any CPU
		{C1143B6D-AD37-4219-BAE5-914250A96C26}.Release|Any CPU.Build.0 = Release|Any CPU
		{001D9CBA-42FD-4ABD-9970-9E067DD5F8B1}.Debug|Any CPU.ActiveCfg = Debug|Any CPU
		{001D9CBA-42FD-4ABD-9970-9E067DD5F8B1}.Debug|Any CPU.Build.0 = Debug|Any CPU
		{001D9CBA-42FD-4ABD-9970-9E067DD5F8B1}.Release|Any CPU.ActiveCfg = Release|Any CPU
		{001D9CBA-42FD-4ABD-9970-9E067DD5F8B1}.Release|Any CPU.Build.0 = Release|Any CPU
		{3DEDDF9C-1943-41A6-AA24-74F026457BEB}.Debug|Any CPU.ActiveCfg = Debug|Any CPU
		{3DEDDF9C-1943-41A6-AA24-74F026457BEB}.Debug|Any CPU.Build.0 = Debug|Any CPU
		{3DEDDF9C-1943-41A6-AA24-74F026457BEB}.Release|Any CPU.ActiveCfg = Release|Any CPU
		{3DEDDF9C-1943-41A6-AA24-74F026457BEB}.Release|Any CPU.Build.0 = Release|Any CPU
		{09D4BCC9-E2EA-40F7-98D3-AE57C72E649E}.Debug|Any CPU.ActiveCfg = Debug|Any CPU
		{09D4BCC9-E2EA-40F7-98D3-AE57C72E649E}.Debug|Any CPU.Build.0 = Debug|Any CPU
		{09D4BCC9-E2EA-40F7-98D3-AE57C72E649E}.Release|Any CPU.ActiveCfg = Release|Any CPU
		{09D4BCC9-E2EA-40F7-98D3-AE57C72E649E}.Release|Any CPU.Build.0 = Release|Any CPU
		{1B824FA6-D25F-4C00-9094-ED8BD0FFB894}.Debug|Any CPU.ActiveCfg = Debug|Any CPU
		{1B824FA6-D25F-4C00-9094-ED8BD0FFB894}.Debug|Any CPU.Build.0 = Debug|Any CPU
		{1B824FA6-D25F-4C00-9094-ED8BD0FFB894}.Release|Any CPU.ActiveCfg = Release|Any CPU
		{1B824FA6-D25F-4C00-9094-ED8BD0FFB894}.Release|Any CPU.Build.0 = Release|Any CPU
		{64914A31-60F7-4797-9DEC-0BB189FFCC72}.Debug|Any CPU.ActiveCfg = Debug|Any CPU
		{64914A31-60F7-4797-9DEC-0BB189FFCC72}.Debug|Any CPU.Build.0 = Debug|Any CPU
		{64914A31-60F7-4797-9DEC-0BB189FFCC72}.Release|Any CPU.ActiveCfg = Release|Any CPU
		{64914A31-60F7-4797-9DEC-0BB189FFCC72}.Release|Any CPU.Build.0 = Release|Any CPU
		{C1629C1A-877B-4EA3-B392-92C6AB4E6FFD}.Debug|Any CPU.ActiveCfg = Debug|Any CPU
		{C1629C1A-877B-4EA3-B392-92C6AB4E6FFD}.Debug|Any CPU.Build.0 = Debug|Any CPU
		{C1629C1A-877B-4EA3-B392-92C6AB4E6FFD}.Release|Any CPU.ActiveCfg = Release|Any CPU
		{C1629C1A-877B-4EA3-B392-92C6AB4E6FFD}.Release|Any CPU.Build.0 = Release|Any CPU
	EndGlobalSection
	GlobalSection(SolutionProperties) = preSolution
		HideSolutionNode = FALSE
	EndGlobalSection
EndGlobal
